
Microsoft Visual Studio Solution File, Format Version 12.00
# Visual Studio Version 17
VisualStudioVersion = 17.2.32526.322
MinimumVisualStudioVersion = 10.0.40219.1
Project("{FAE04EC0-301F-11D3-BF4B-00C04F79EFBC}") = "user-managment", "user-managment\user-managment.csproj", "{581333B3-BA0B-46D8-8AA2-D2F6F0C3BE7A}"
EndProject
Global
	GlobalSection(SolutionConfigurationPlatforms) = preSolution
		Debug|Any CPU = Debug|Any CPU
		Release|Any CPU = Release|Any CPU
	EndGlobalSection
	GlobalSection(ProjectConfigurationPlatforms) = postSolution
		{581333B3-BA0B-46D8-8AA2-D2F6F0C3BE7A}.Debug|Any CPU.ActiveCfg = Debug|Any CPU
		{581333B3-BA0B-46D8-8AA2-D2F6F0C3BE7A}.Debug|Any CPU.Build.0 = Debug|Any CPU
		{581333B3-BA0B-46D8-8AA2-D2F6F0C3BE7A}.Release|Any CPU.ActiveCfg = Release|Any CPU
		{581333B3-BA0B-46D8-8AA2-D2F6F0C3BE7A}.Release|Any CPU.Build.0 = Release|Any CPU
	EndGlobalSection
	GlobalSection(SolutionProperties) = preSolution
		HideSolutionNode = FALSE
	EndGlobalSection
	GlobalSection(ExtensibilityGlobals) = postSolution
		SolutionGuid = {CD3299FC-DFBA-48D8-B88A-134FEEE06614}
	EndGlobalSection
EndGlobal
